
Microsoft Visual Studio Solution File, Format Version 12.00
# Visual Studio Version 17
VisualStudioVersion = 17.7.34024.191
MinimumVisualStudioVersion = 10.0.40219.1
Project("{FAE04EC0-301F-11D3-BF4B-00C04F79EFBC}") = "gui", "gui.csproj", "{FCBDD1DC-2DFF-4AA3-8AE5-73CB0A4D603A}"
EndProject
Global
	GlobalSection(SolutionConfigurationPlatforms) = preSolution
		Debug|Any CPU = Debug|Any CPU
		Release|Any CPU = Release|Any CPU
	EndGlobalSection
	GlobalSection(ProjectConfigurationPlatforms) = postSolution
		{FCBDD1DC-2DFF-4AA3-8AE5-73CB0A4D603A}.Debug|Any CPU.ActiveCfg = Debug|Any CPU
		{FCBDD1DC-2DFF-4AA3-8AE5-73CB0A4D603A}.Debug|Any CPU.Build.0 = Debug|Any CPU
		{FCBDD1DC-2DFF-4AA3-8AE5-73CB0A4D603A}.Release|Any CPU.ActiveCfg = Release|Any CPU
		{FCBDD1DC-2DFF-4AA3-8AE5-73CB0A4D603A}.Release|Any CPU.Build.0 = Release|Any CPU
	EndGlobalSection
	GlobalSection(SolutionProperties) = preSolution
		HideSolutionNode = FALSE
	EndGlobalSection
	GlobalSection(ExtensibilityGlobals) = postSolution
		SolutionGuid = {2FE9FD2F-3D28-42F6-A4F4-86CF0BEE2056}
	EndGlobalSection
EndGlobal
